// !$*UTF8*$!
{
	archiveVersion = 1;
	classes = {
	};
	objectVersion = 46;
	objects = {

/* Begin PBXBuildFile section */
		DEB80D5FE158DA2C30FC5C6A /* Pods_EuroDisneyTests.framework in Frameworks */ = {isa = PBXBuildFile; fileRef = 2424B67C35D30FB04354BE0A /* Pods_EuroDisneyTests.framework */; };
		E910D4291C874A4300DB5A85 /* Attraction.swift in Sources */ = {isa = PBXBuildFile; fileRef = E910D4281C874A4300DB5A85 /* Attraction.swift */; };
		E910D42C1C87614800DB5A85 /* AttractionCell.swift in Sources */ = {isa = PBXBuildFile; fileRef = E910D42B1C87614800DB5A85 /* AttractionCell.swift */; };
		E942B2451C87343000ABA3B9 /* AppDelegate.swift in Sources */ = {isa = PBXBuildFile; fileRef = E942B2441C87343000ABA3B9 /* AppDelegate.swift */; };
		E942B2471C87343000ABA3B9 /* WaitTimesViewController.swift in Sources */ = {isa = PBXBuildFile; fileRef = E942B2461C87343000ABA3B9 /* WaitTimesViewController.swift */; };
		E942B24A1C87343000ABA3B9 /* Main.storyboard in Resources */ = {isa = PBXBuildFile; fileRef = E942B2481C87343000ABA3B9 /* Main.storyboard */; };
		E942B24C1C87343000ABA3B9 /* Assets.xcassets in Resources */ = {isa = PBXBuildFile; fileRef = E942B24B1C87343000ABA3B9 /* Assets.xcassets */; };
		E942B24F1C87343000ABA3B9 /* LaunchScreen.storyboard in Resources */ = {isa = PBXBuildFile; fileRef = E942B24D1C87343000ABA3B9 /* LaunchScreen.storyboard */; };
		E942B25A1C87343000ABA3B9 /* EuroDisneyTests.swift in Sources */ = {isa = PBXBuildFile; fileRef = E942B2591C87343000ABA3B9 /* EuroDisneyTests.swift */; };
		E98A3C9F1C8C96BB0082C5FC /* DisneyTableViewController.swift in Sources */ = {isa = PBXBuildFile; fileRef = E98A3C9E1C8C96BB0082C5FC /* DisneyTableViewController.swift */; };
		E98C44CB1C89DDA400143EB0 /* NextStepExtensions.swift in Sources */ = {isa = PBXBuildFile; fileRef = E98C44CA1C89DDA400143EB0 /* NextStepExtensions.swift */; };
		E98C44CF1C89DE4800143EB0 /* Localizable.strings in Resources */ = {isa = PBXBuildFile; fileRef = E98C44D11C89DE4800143EB0 /* Localizable.strings */; };
		FF13770DFF43DEB2AA900E3D /* Pods_EuroDisney.framework in Frameworks */ = {isa = PBXBuildFile; fileRef = 437031B01763F8BCDAD52173 /* Pods_EuroDisney.framework */; };
/* End PBXBuildFile section */

/* Begin PBXContainerItemProxy section */
		E942B2561C87343000ABA3B9 /* PBXContainerItemProxy */ = {
			isa = PBXContainerItemProxy;
			containerPortal = E942B2391C87342F00ABA3B9 /* Project object */;
			proxyType = 1;
			remoteGlobalIDString = E942B2401C87343000ABA3B9;
			remoteInfo = EuroDisney;
		};
/* End PBXContainerItemProxy section */

/* Begin PBXFileReference section */
		2424B67C35D30FB04354BE0A /* Pods_EuroDisneyTests.framework */ = {isa = PBXFileReference; explicitFileType = wrapper.framework; includeInIndex = 0; path = Pods_EuroDisneyTests.framework; sourceTree = BUILT_PRODUCTS_DIR; };
		42EF8FC410CDD62DADD342E1 /* Pods-EuroDisney.debug.xcconfig */ = {isa = PBXFileReference; includeInIndex = 1; lastKnownFileType = text.xcconfig; name = "Pods-EuroDisney.debug.xcconfig"; path = "Pods/Target Support Files/Pods-EuroDisney/Pods-EuroDisney.debug.xcconfig"; sourceTree = "<group>"; };
		437031B01763F8BCDAD52173 /* Pods_EuroDisney.framework */ = {isa = PBXFileReference; explicitFileType = wrapper.framework; includeInIndex = 0; path = Pods_EuroDisney.framework; sourceTree = BUILT_PRODUCTS_DIR; };
		57AFF63F50B21BCEE1CFA881 /* Pods-EuroDisneyTests.release.xcconfig */ = {isa = PBXFileReference; includeInIndex = 1; lastKnownFileType = text.xcconfig; name = "Pods-EuroDisneyTests.release.xcconfig"; path = "Pods/Target Support Files/Pods-EuroDisneyTests/Pods-EuroDisneyTests.release.xcconfig"; sourceTree = "<group>"; };
		89D03B6ED0C56F9A7E9EEE00 /* Pods-EuroDisneyTests.debug.xcconfig */ = {isa = PBXFileReference; includeInIndex = 1; lastKnownFileType = text.xcconfig; name = "Pods-EuroDisneyTests.debug.xcconfig"; path = "Pods/Target Support Files/Pods-EuroDisneyTests/Pods-EuroDisneyTests.debug.xcconfig"; sourceTree = "<group>"; };
		A91F22F0084ABA362A7FD505 /* Pods-EuroDisney.release.xcconfig */ = {isa = PBXFileReference; includeInIndex = 1; lastKnownFileType = text.xcconfig; name = "Pods-EuroDisney.release.xcconfig"; path = "Pods/Target Support Files/Pods-EuroDisney/Pods-EuroDisney.release.xcconfig"; sourceTree = "<group>"; };
		E910D4281C874A4300DB5A85 /* Attraction.swift */ = {isa = PBXFileReference; fileEncoding = 4; lastKnownFileType = sourcecode.swift; path = Attraction.swift; sourceTree = "<group>"; };
		E910D42B1C87614800DB5A85 /* AttractionCell.swift */ = {isa = PBXFileReference; fileEncoding = 4; lastKnownFileType = sourcecode.swift; path = AttractionCell.swift; sourceTree = "<group>"; };
		E942B2411C87343000ABA3B9 /* EuroDisney.app */ = {isa = PBXFileReference; explicitFileType = wrapper.application; includeInIndex = 0; path = EuroDisney.app; sourceTree = BUILT_PRODUCTS_DIR; };
		E942B2441C87343000ABA3B9 /* AppDelegate.swift */ = {isa = PBXFileReference; lastKnownFileType = sourcecode.swift; path = AppDelegate.swift; sourceTree = "<group>"; };
		E942B2461C87343000ABA3B9 /* WaitTimesViewController.swift */ = {isa = PBXFileReference; lastKnownFileType = sourcecode.swift; path = WaitTimesViewController.swift; sourceTree = "<group>"; };
		E942B2491C87343000ABA3B9 /* Base */ = {isa = PBXFileReference; lastKnownFileType = file.storyboard; name = Base; path = Base.lproj/Main.storyboard; sourceTree = "<group>"; };
		E942B24B1C87343000ABA3B9 /* Assets.xcassets */ = {isa = PBXFileReference; lastKnownFileType = folder.assetcatalog; path = Assets.xcassets; sourceTree = "<group>"; };
		E942B24E1C87343000ABA3B9 /* Base */ = {isa = PBXFileReference; lastKnownFileType = file.storyboard; name = Base; path = Base.lproj/LaunchScreen.storyboard; sourceTree = "<group>"; };
		E942B2501C87343000ABA3B9 /* Info.plist */ = {isa = PBXFileReference; lastKnownFileType = text.plist.xml; path = Info.plist; sourceTree = "<group>"; };
		E942B2551C87343000ABA3B9 /* EuroDisneyTests.xctest */ = {isa = PBXFileReference; explicitFileType = wrapper.cfbundle; includeInIndex = 0; path = EuroDisneyTests.xctest; sourceTree = BUILT_PRODUCTS_DIR; };
		E942B2591C87343000ABA3B9 /* EuroDisneyTests.swift */ = {isa = PBXFileReference; lastKnownFileType = sourcecode.swift; path = EuroDisneyTests.swift; sourceTree = "<group>"; };
		E942B25B1C87343000ABA3B9 /* Info.plist */ = {isa = PBXFileReference; lastKnownFileType = text.plist.xml; path = Info.plist; sourceTree = "<group>"; };
		E98A3C9E1C8C96BB0082C5FC /* DisneyTableViewController.swift */ = {isa = PBXFileReference; fileEncoding = 4; lastKnownFileType = sourcecode.swift; path = DisneyTableViewController.swift; sourceTree = "<group>"; };
		E98C44CA1C89DDA400143EB0 /* NextStepExtensions.swift */ = {isa = PBXFileReference; fileEncoding = 4; lastKnownFileType = sourcecode.swift; path = NextStepExtensions.swift; sourceTree = "<group>"; };
		E98C44D01C89DE4800143EB0 /* en */ = {isa = PBXFileReference; lastKnownFileType = text.plist.strings; name = en; path = en.lproj/Localizable.strings; sourceTree = "<group>"; };
		E98C44D21C89DF3200143EB0 /* fr */ = {isa = PBXFileReference; lastKnownFileType = text.plist.strings; name = fr; path = fr.lproj/Localizable.strings; sourceTree = "<group>"; };
/* End PBXFileReference section */

/* Begin PBXFrameworksBuildPhase section */
		E942B23E1C87343000ABA3B9 /* Frameworks */ = {
			isa = PBXFrameworksBuildPhase;
			buildActionMask = 2147483647;
			files = (
				FF13770DFF43DEB2AA900E3D /* Pods_EuroDisney.framework in Frameworks */,
			);
			runOnlyForDeploymentPostprocessing = 0;
		};
		E942B2521C87343000ABA3B9 /* Frameworks */ = {
			isa = PBXFrameworksBuildPhase;
			buildActionMask = 2147483647;
			files = (
				DEB80D5FE158DA2C30FC5C6A /* Pods_EuroDisneyTests.framework in Frameworks */,
			);
			runOnlyForDeploymentPostprocessing = 0;
		};
/* End PBXFrameworksBuildPhase section */

/* Begin PBXGroup section */
		102AE02767672B5FD45204D5 /* Pods */ = {
			isa = PBXGroup;
			children = (
				42EF8FC410CDD62DADD342E1 /* Pods-EuroDisney.debug.xcconfig */,
				A91F22F0084ABA362A7FD505 /* Pods-EuroDisney.release.xcconfig */,
				89D03B6ED0C56F9A7E9EEE00 /* Pods-EuroDisneyTests.debug.xcconfig */,
				57AFF63F50B21BCEE1CFA881 /* Pods-EuroDisneyTests.release.xcconfig */,
			);
			name = Pods;
			sourceTree = "<group>";
		};
		33750ED257A368C2B5B50B01 /* Frameworks */ = {
			isa = PBXGroup;
			children = (
				437031B01763F8BCDAD52173 /* Pods_EuroDisney.framework */,
				2424B67C35D30FB04354BE0A /* Pods_EuroDisneyTests.framework */,
			);
			name = Frameworks;
			sourceTree = "<group>";
		};
		E910D42A1C874A4700DB5A85 /* Models */ = {
			isa = PBXGroup;
			children = (
				E910D4281C874A4300DB5A85 /* Attraction.swift */,
			);
			name = Models;
			sourceTree = "<group>";
		};
		E942B2381C87342F00ABA3B9 = {
			isa = PBXGroup;
			children = (
				E942B2431C87343000ABA3B9 /* EuroDisney */,
				E942B2581C87343000ABA3B9 /* EuroDisneyTests */,
				E942B2421C87343000ABA3B9 /* Products */,
				102AE02767672B5FD45204D5 /* Pods */,
				33750ED257A368C2B5B50B01 /* Frameworks */,
			);
			sourceTree = "<group>";
		};
		E942B2421C87343000ABA3B9 /* Products */ = {
			isa = PBXGroup;
			children = (
				E942B2411C87343000ABA3B9 /* EuroDisney.app */,
				E942B2551C87343000ABA3B9 /* EuroDisneyTests.xctest */,
			);
			name = Products;
			sourceTree = "<group>";
		};
		E942B2431C87343000ABA3B9 /* EuroDisney */ = {
			isa = PBXGroup;
			children = (
				E942B2651C87347A00ABA3B9 /* Controllers */,
				E98C44CC1C89DDAA00143EB0 /* Extensions */,
				E910D42A1C874A4700DB5A85 /* Models */,
				E942B2641C87347400ABA3B9 /* Views */,
				E942B2441C87343000ABA3B9 /* AppDelegate.swift */,
				E942B2501C87343000ABA3B9 /* Info.plist */,
				E98C44D11C89DE4800143EB0 /* Localizable.strings */,
			);
			path = EuroDisney;
			sourceTree = "<group>";
		};
		E942B2581C87343000ABA3B9 /* EuroDisneyTests */ = {
			isa = PBXGroup;
			children = (
				E942B2591C87343000ABA3B9 /* EuroDisneyTests.swift */,
				E942B25B1C87343000ABA3B9 /* Info.plist */,
			);
			path = EuroDisneyTests;
			sourceTree = "<group>";
		};
		E942B2641C87347400ABA3B9 /* Views */ = {
			isa = PBXGroup;
			children = (
				E910D42B1C87614800DB5A85 /* AttractionCell.swift */,
				E942B24B1C87343000ABA3B9 /* Assets.xcassets */,
				E942B2481C87343000ABA3B9 /* Main.storyboard */,
				E942B24D1C87343000ABA3B9 /* LaunchScreen.storyboard */,
			);
			name = Views;
			sourceTree = "<group>";
		};
		E942B2651C87347A00ABA3B9 /* Controllers */ = {
			isa = PBXGroup;
			children = (
				E98A3C9E1C8C96BB0082C5FC /* DisneyTableViewController.swift */,
				E942B2461C87343000ABA3B9 /* WaitTimesViewController.swift */,
			);
			name = Controllers;
			sourceTree = "<group>";
		};
		E98C44CC1C89DDAA00143EB0 /* Extensions */ = {
			isa = PBXGroup;
			children = (
				E98C44CA1C89DDA400143EB0 /* NextStepExtensions.swift */,
			);
			name = Extensions;
			sourceTree = "<group>";
		};
/* End PBXGroup section */

/* Begin PBXNativeTarget section */
		E942B2401C87343000ABA3B9 /* EuroDisney */ = {
			isa = PBXNativeTarget;
			buildConfigurationList = E942B25E1C87343000ABA3B9 /* Build configuration list for PBXNativeTarget "EuroDisney" */;
			buildPhases = (
				7162F69B940C8CC8F5DCECF2 /* Check Pods Manifest.lock */,
				E942B23D1C87343000ABA3B9 /* Sources */,
				E942B23E1C87343000ABA3B9 /* Frameworks */,
				E942B23F1C87343000ABA3B9 /* Resources */,
				903D1C2B0AB68C6516DD1CBB /* Embed Pods Frameworks */,
				FE3B83CD3E9AF6A44CD54861 /* Copy Pods Resources */,
			);
			buildRules = (
			);
			dependencies = (
			);
			name = EuroDisney;
			productName = EuroDisney;
			productReference = E942B2411C87343000ABA3B9 /* EuroDisney.app */;
			productType = "com.apple.product-type.application";
		};
		E942B2541C87343000ABA3B9 /* EuroDisneyTests */ = {
			isa = PBXNativeTarget;
			buildConfigurationList = E942B2611C87343000ABA3B9 /* Build configuration list for PBXNativeTarget "EuroDisneyTests" */;
			buildPhases = (
				2069426B025CCC2A52F12B26 /* Check Pods Manifest.lock */,
				E942B2511C87343000ABA3B9 /* Sources */,
				E942B2521C87343000ABA3B9 /* Frameworks */,
				E942B2531C87343000ABA3B9 /* Resources */,
				30494A718F5C25A164F332EF /* Embed Pods Frameworks */,
				459BF76A01C82A18C6ED3D29 /* Copy Pods Resources */,
			);
			buildRules = (
			);
			dependencies = (
				E942B2571C87343000ABA3B9 /* PBXTargetDependency */,
			);
			name = EuroDisneyTests;
			productName = EuroDisneyTests;
			productReference = E942B2551C87343000ABA3B9 /* EuroDisneyTests.xctest */;
			productType = "com.apple.product-type.bundle.unit-test";
		};
/* End PBXNativeTarget section */

/* Begin PBXProject section */
		E942B2391C87342F00ABA3B9 /* Project object */ = {
			isa = PBXProject;
			attributes = {
				LastSwiftUpdateCheck = 0720;
				LastUpgradeCheck = 0720;
				ORGANIZATIONNAME = "Thomas Durand";
				TargetAttributes = {
					E942B2401C87343000ABA3B9 = {
						CreatedOnToolsVersion = 7.2.1;
					};
					E942B2541C87343000ABA3B9 = {
						CreatedOnToolsVersion = 7.2.1;
						TestTargetID = E942B2401C87343000ABA3B9;
					};
				};
			};
			buildConfigurationList = E942B23C1C87342F00ABA3B9 /* Build configuration list for PBXProject "EuroDisney" */;
			compatibilityVersion = "Xcode 3.2";
			developmentRegion = English;
			hasScannedForEncodings = 0;
			knownRegions = (
				en,
				Base,
				fr,
			);
			mainGroup = E942B2381C87342F00ABA3B9;
			productRefGroup = E942B2421C87343000ABA3B9 /* Products */;
			projectDirPath = "";
			projectRoot = "";
			targets = (
				E942B2401C87343000ABA3B9 /* EuroDisney */,
				E942B2541C87343000ABA3B9 /* EuroDisneyTests */,
			);
		};
/* End PBXProject section */

/* Begin PBXResourcesBuildPhase section */
		E942B23F1C87343000ABA3B9 /* Resources */ = {
			isa = PBXResourcesBuildPhase;
			buildActionMask = 2147483647;
			files = (
				E942B24F1C87343000ABA3B9 /* LaunchScreen.storyboard in Resources */,
				E98C44CF1C89DE4800143EB0 /* Localizable.strings in Resources */,
				E942B24C1C87343000ABA3B9 /* Assets.xcassets in Resources */,
				E942B24A1C87343000ABA3B9 /* Main.storyboard in Resources */,
			);
			runOnlyForDeploymentPostprocessing = 0;
		};
		E942B2531C87343000ABA3B9 /* Resources */ = {
			isa = PBXResourcesBuildPhase;
			buildActionMask = 2147483647;
			files = (
			);
			runOnlyForDeploymentPostprocessing = 0;
		};
/* End PBXResourcesBuildPhase section */

/* Begin PBXShellScriptBuildPhase section */
		2069426B025CCC2A52F12B26 /* Check Pods Manifest.lock */ = {
			isa = PBXShellScriptBuildPhase;
			buildActionMask = 2147483647;
			files = (
			);
			inputPaths = (
			);
			name = "Check Pods Manifest.lock";
			outputPaths = (
			);
			runOnlyForDeploymentPostprocessing = 0;
			shellPath = /bin/sh;
			shellScript = "diff \"${PODS_ROOT}/../Podfile.lock\" \"${PODS_ROOT}/Manifest.lock\" > /dev/null\nif [[ $? != 0 ]] ; then\n    cat << EOM\nerror: The sandbox is not in sync with the Podfile.lock. Run 'pod install' or update your CocoaPods installation.\nEOM\n    exit 1\nfi\n";
			showEnvVarsInLog = 0;
		};
		30494A718F5C25A164F332EF /* Embed Pods Frameworks */ = {
			isa = PBXShellScriptBuildPhase;
			buildActionMask = 2147483647;
			files = (
			);
			inputPaths = (
			);
			name = "Embed Pods Frameworks";
			outputPaths = (
			);
			runOnlyForDeploymentPostprocessing = 0;
			shellPath = /bin/sh;
			shellScript = "\"${SRCROOT}/Pods/Target Support Files/Pods-EuroDisneyTests/Pods-EuroDisneyTests-frameworks.sh\"\n";
			showEnvVarsInLog = 0;
		};
		459BF76A01C82A18C6ED3D29 /* Copy Pods Resources */ = {
			isa = PBXShellScriptBuildPhase;
			buildActionMask = 2147483647;
			files = (
			);
			inputPaths = (
			);
			name = "Copy Pods Resources";
			outputPaths = (
			);
			runOnlyForDeploymentPostprocessing = 0;
			shellPath = /bin/sh;
			shellScript = "\"${SRCROOT}/Pods/Target Support Files/Pods-EuroDisneyTests/Pods-EuroDisneyTests-resources.sh\"\n";
			showEnvVarsInLog = 0;
		};
		7162F69B940C8CC8F5DCECF2 /* Check Pods Manifest.lock */ = {
			isa = PBXShellScriptBuildPhase;
			buildActionMask = 2147483647;
			files = (
			);
			inputPaths = (
			);
			name = "Check Pods Manifest.lock";
			outputPaths = (
			);
			runOnlyForDeploymentPostprocessing = 0;
			shellPath = /bin/sh;
			shellScript = "diff \"${PODS_ROOT}/../Podfile.lock\" \"${PODS_ROOT}/Manifest.lock\" > /dev/null\nif [[ $? != 0 ]] ; then\n    cat << EOM\nerror: The sandbox is not in sync with the Podfile.lock. Run 'pod install' or update your CocoaPods installation.\nEOM\n    exit 1\nfi\n";
			showEnvVarsInLog = 0;
		};
		903D1C2B0AB68C6516DD1CBB /* Embed Pods Frameworks */ = {
			isa = PBXShellScriptBuildPhase;
			buildActionMask = 2147483647;
			files = (
			);
			inputPaths = (
			);
			name = "Embed Pods Frameworks";
			outputPaths = (
			);
			runOnlyForDeploymentPostprocessing = 0;
			shellPath = /bin/sh;
			shellScript = "\"${SRCROOT}/Pods/Target Support Files/Pods-EuroDisney/Pods-EuroDisney-frameworks.sh\"\n";
			showEnvVarsInLog = 0;
		};
		FE3B83CD3E9AF6A44CD54861 /* Copy Pods Resources */ = {
			isa = PBXShellScriptBuildPhase;
			buildActionMask = 2147483647;
			files = (
			);
			inputPaths = (
			);
			name = "Copy Pods Resources";
			outputPaths = (
			);
			runOnlyForDeploymentPostprocessing = 0;
			shellPath = /bin/sh;
			shellScript = "\"${SRCROOT}/Pods/Target Support Files/Pods-EuroDisney/Pods-EuroDisney-resources.sh\"\n";
			showEnvVarsInLog = 0;
		};
/* End PBXShellScriptBuildPhase section */

/* Begin PBXSourcesBuildPhase section */
		E942B23D1C87343000ABA3B9 /* Sources */ = {
			isa = PBXSourcesBuildPhase;
			buildActionMask = 2147483647;
			files = (
				E98C44CB1C89DDA400143EB0 /* NextStepExtensions.swift in Sources */,
				E98A3C9F1C8C96BB0082C5FC /* DisneyTableViewController.swift in Sources */,
				E910D42C1C87614800DB5A85 /* AttractionCell.swift in Sources */,
				E942B2471C87343000ABA3B9 /* WaitTimesViewController.swift in Sources */,
				E910D4291C874A4300DB5A85 /* Attraction.swift in Sources */,
				E942B2451C87343000ABA3B9 /* AppDelegate.swift in Sources */,
			);
			runOnlyForDeploymentPostprocessing = 0;
		};
		E942B2511C87343000ABA3B9 /* Sources */ = {
			isa = PBXSourcesBuildPhase;
			buildActionMask = 2147483647;
			files = (
				E942B25A1C87343000ABA3B9 /* EuroDisneyTests.swift in Sources */,
			);
			runOnlyForDeploymentPostprocessing = 0;
		};
/* End PBXSourcesBuildPhase section */

/* Begin PBXTargetDependency section */
		E942B2571C87343000ABA3B9 /* PBXTargetDependency */ = {
			isa = PBXTargetDependency;
			target = E942B2401C87343000ABA3B9 /* EuroDisney */;
			targetProxy = E942B2561C87343000ABA3B9 /* PBXContainerItemProxy */;
		};
/* End PBXTargetDependency section */

/* Begin PBXVariantGroup section */
		E942B2481C87343000ABA3B9 /* Main.storyboard */ = {
			isa = PBXVariantGroup;
			children = (
				E942B2491C87343000ABA3B9 /* Base */,
			);
			name = Main.storyboard;
			sourceTree = "<group>";
		};
		E942B24D1C87343000ABA3B9 /* LaunchScreen.storyboard */ = {
			isa = PBXVariantGroup;
			children = (
				E942B24E1C87343000ABA3B9 /* Base */,
			);
			name = LaunchScreen.storyboard;
			sourceTree = "<group>";
		};
		E98C44D11C89DE4800143EB0 /* Localizable.strings */ = {
			isa = PBXVariantGroup;
			children = (
				E98C44D01C89DE4800143EB0 /* en */,
				E98C44D21C89DF3200143EB0 /* fr */,
			);
			name = Localizable.strings;
			sourceTree = "<group>";
		};
/* End PBXVariantGroup section */

/* Begin XCBuildConfiguration section */
		E942B25C1C87343000ABA3B9 /* Debug */ = {
			isa = XCBuildConfiguration;
			buildSettings = {
				ALWAYS_SEARCH_USER_PATHS = NO;
				CLANG_CXX_LANGUAGE_STANDARD = "gnu++0x";
				CLANG_CXX_LIBRARY = "libc++";
				CLANG_ENABLE_MODULES = YES;
				CLANG_ENABLE_OBJC_ARC = YES;
				CLANG_WARN_BOOL_CONVERSION = YES;
				CLANG_WARN_CONSTANT_CONVERSION = YES;
				CLANG_WARN_DIRECT_OBJC_ISA_USAGE = YES_ERROR;
				CLANG_WARN_EMPTY_BODY = YES;
				CLANG_WARN_ENUM_CONVERSION = YES;
				CLANG_WARN_INT_CONVERSION = YES;
				CLANG_WARN_OBJC_ROOT_CLASS = YES_ERROR;
				CLANG_WARN_UNREACHABLE_CODE = YES;
				CLANG_WARN__DUPLICATE_METHOD_MATCH = YES;
				"CODE_SIGN_IDENTITY[sdk=iphoneos*]" = "iPhone Developer";
				COPY_PHASE_STRIP = NO;
				DEBUG_INFORMATION_FORMAT = dwarf;
				ENABLE_STRICT_OBJC_MSGSEND = YES;
				ENABLE_TESTABILITY = YES;
				GCC_C_LANGUAGE_STANDARD = gnu99;
				GCC_DYNAMIC_NO_PIC = NO;
				GCC_NO_COMMON_BLOCKS = YES;
				GCC_OPTIMIZATION_LEVEL = 0;
				GCC_PREPROCESSOR_DEFINITIONS = (
					"DEBUG=1",
					"$(inherited)",
				);
				GCC_WARN_64_TO_32_BIT_CONVERSION = YES;
				GCC_WARN_ABOUT_RETURN_TYPE = YES_ERROR;
				GCC_WARN_UNDECLARED_SELECTOR = YES;
				GCC_WARN_UNINITIALIZED_AUTOS = YES_AGGRESSIVE;
				GCC_WARN_UNUSED_FUNCTION = YES;
				GCC_WARN_UNUSED_VARIABLE = YES;
				IPHONEOS_DEPLOYMENT_TARGET = 9.0;
				MTL_ENABLE_DEBUG_INFO = YES;
				ONLY_ACTIVE_ARCH = YES;
				SDKROOT = iphoneos;
				SWIFT_OPTIMIZATION_LEVEL = "-Onone";
				TARGETED_DEVICE_FAMILY = "1,2";
			};
			name = Debug;
		};
		E942B25D1C87343000ABA3B9 /* Release */ = {
			isa = XCBuildConfiguration;
			buildSettings = {
				ALWAYS_SEARCH_USER_PATHS = NO;
				CLANG_CXX_LANGUAGE_STANDARD = "gnu++0x";
				CLANG_CXX_LIBRARY = "libc++";
				CLANG_ENABLE_MODULES = YES;
				CLANG_ENABLE_OBJC_ARC = YES;
				CLANG_WARN_BOOL_CONVERSION = YES;
				CLANG_WARN_CONSTANT_CONVERSION = YES;
				CLANG_WARN_DIRECT_OBJC_ISA_USAGE = YES_ERROR;
				CLANG_WARN_EMPTY_BODY = YES;
				CLANG_WARN_ENUM_CONVERSION = YES;
				CLANG_WARN_INT_CONVERSION = YES;
				CLANG_WARN_OBJC_ROOT_CLASS = YES_ERROR;
				CLANG_WARN_UNREACHABLE_CODE = YES;
				CLANG_WARN__DUPLICATE_METHOD_MATCH = YES;
				"CODE_SIGN_IDENTITY[sdk=iphoneos*]" = "iPhone Developer";
				COPY_PHASE_STRIP = NO;
				DEBUG_INFORMATION_FORMAT = "dwarf-with-dsym";
				ENABLE_NS_ASSERTIONS = NO;
				ENABLE_STRICT_OBJC_MSGSEND = YES;
				GCC_C_LANGUAGE_STANDARD = gnu99;
				GCC_NO_COMMON_BLOCKS = YES;
				GCC_WARN_64_TO_32_BIT_CONVERSION = YES;
				GCC_WARN_ABOUT_RETURN_TYPE = YES_ERROR;
				GCC_WARN_UNDECLARED_SELECTOR = YES;
				GCC_WARN_UNINITIALIZED_AUTOS = YES_AGGRESSIVE;
				GCC_WARN_UNUSED_FUNCTION = YES;
				GCC_WARN_UNUSED_VARIABLE = YES;
				IPHONEOS_DEPLOYMENT_TARGET = 9.0;
				MTL_ENABLE_DEBUG_INFO = NO;
				SDKROOT = iphoneos;
				TARGETED_DEVICE_FAMILY = "1,2";
				VALIDATE_PRODUCT = YES;
			};
			name = Release;
		};
		E942B25F1C87343000ABA3B9 /* Debug */ = {
			isa = XCBuildConfiguration;
			baseConfigurationReference = 42EF8FC410CDD62DADD342E1 /* Pods-EuroDisney.debug.xcconfig */;
			buildSettings = {
				ASSETCATALOG_COMPILER_APPICON_NAME = AppIcon;
				INFOPLIST_FILE = EuroDisney/Info.plist;
				IPHONEOS_DEPLOYMENT_TARGET = 9.0;
				LD_RUNPATH_SEARCH_PATHS = "$(inherited) @executable_path/Frameworks";
				PRODUCT_BUNDLE_IDENTIFIER = fr.Dean.EuroDisney;
				PRODUCT_NAME = "$(TARGET_NAME)";
			};
			name = Debug;
		};
		E942B2601C87343000ABA3B9 /* Release */ = {
			isa = XCBuildConfiguration;
			baseConfigurationReference = A91F22F0084ABA362A7FD505 /* Pods-EuroDisney.release.xcconfig */;
			buildSettings = {
				ASSETCATALOG_COMPILER_APPICON_NAME = AppIcon;
				INFOPLIST_FILE = EuroDisney/Info.plist;
				IPHONEOS_DEPLOYMENT_TARGET = 9.0;
				LD_RUNPATH_SEARCH_PATHS = "$(inherited) @executable_path/Frameworks";
				PRODUCT_BUNDLE_IDENTIFIER = fr.Dean.EuroDisney;
				PRODUCT_NAME = "$(TARGET_NAME)";
			};
			name = Release;
		};
		E942B2621C87343000ABA3B9 /* Debug */ = {
			isa = XCBuildConfiguration;
			baseConfigurationReference = 89D03B6ED0C56F9A7E9EEE00 /* Pods-EuroDisneyTests.debug.xcconfig */;
			buildSettings = {
				BUNDLE_LOADER = "$(TEST_HOST)";
				INFOPLIST_FILE = EuroDisneyTests/Info.plist;
				LD_RUNPATH_SEARCH_PATHS = "$(inherited) @executable_path/Frameworks @loader_path/Frameworks";
				PRODUCT_BUNDLE_IDENTIFIER = fr.Dean.EuroDisneyTests;
				PRODUCT_NAME = "$(TARGET_NAME)";
				TEST_HOST = "$(BUILT_PRODUCTS_DIR)/EuroDisney.app/EuroDisney";
			};
			name = Debug;
		};
		E942B2631C87343000ABA3B9 /* Release */ = {
			isa = XCBuildConfiguration;
			baseConfigurationReference = 57AFF63F50B21BCEE1CFA881 /* Pods-EuroDisneyTests.release.xcconfig */;
			buildSettings = {
				BUNDLE_LOADER = "$(TEST_HOST)";
				INFOPLIST_FILE = EuroDisneyTests/Info.plist;
				LD_RUNPATH_SEARCH_PATHS = "$(inherited) @executable_path/Frameworks @loader_path/Frameworks";
				PRODUCT_BUNDLE_IDENTIFIER = fr.Dean.EuroDisneyTests;
				PRODUCT_NAME = "$(TARGET_NAME)";
				TEST_HOST = "$(BUILT_PRODUCTS_DIR)/EuroDisney.app/EuroDisney";
			};
			name = Release;
		};
/* End XCBuildConfiguration section */

/* Begin XCConfigurationList section */
		E942B23C1C87342F00ABA3B9 /* Build configuration list for PBXProject "EuroDisney" */ = {
			isa = XCConfigurationList;
			buildConfigurations = (
				E942B25C1C87343000ABA3B9 /* Debug */,
				E942B25D1C87343000ABA3B9 /* Release */,
			);
			defaultConfigurationIsVisible = 0;
			defaultConfigurationName = Release;
		};
		E942B25E1C87343000ABA3B9 /* Build configuration list for PBXNativeTarget "EuroDisney" */ = {
			isa = XCConfigurationList;
			buildConfigurations = (
				E942B25F1C87343000ABA3B9 /* Debug */,
				E942B2601C87343000ABA3B9 /* Release */,
			);
			defaultConfigurationIsVisible = 0;
			defaultConfigurationName = Release;
		};
		E942B2611C87343000ABA3B9 /* Build configuration list for PBXNativeTarget "EuroDisneyTests" */ = {
			isa = XCConfigurationList;
			buildConfigurations = (
				E942B2621C87343000ABA3B9 /* Debug */,
				E942B2631C87343000ABA3B9 /* Release */,
			);
			defaultConfigurationIsVisible = 0;
			defaultConfigurationName = Release;
		};
/* End XCConfigurationList section */
	};
	rootObject = E942B2391C87342F00ABA3B9 /* Project object */;
}
